
Microsoft Visual Studio Solution File, Format Version 12.00
# Visual Studio 15
VisualStudioVersion = 15.0.27130.2020
MinimumVisualStudioVersion = 10.0.40219.1
Project("{FAE04EC0-301F-11D3-BF4B-00C04F79EFBC}") = "SeleniumExtensions", "SeleniumExtensions\SeleniumExtensions.csproj", "{B0BF03DD-7D85-479E-A039-4EA6E5941670}"
EndProject
Global
	GlobalSection(SolutionConfigurationPlatforms) = preSolution
		Debug|Any CPU = Debug|Any CPU
		Release|Any CPU = Release|Any CPU
	EndGlobalSection
	GlobalSection(ProjectConfigurationPlatforms) = postSolution
		{B0BF03DD-7D85-479E-A039-4EA6E5941670}.Debug|Any CPU.ActiveCfg = Debug|Any CPU
		{B0BF03DD-7D85-479E-A039-4EA6E5941670}.Debug|Any CPU.Build.0 = Debug|Any CPU
		{B0BF03DD-7D85-479E-A039-4EA6E5941670}.Release|Any CPU.ActiveCfg = Release|Any CPU
		{B0BF03DD-7D85-479E-A039-4EA6E5941670}.Release|Any CPU.Build.0 = Release|Any CPU
	EndGlobalSection
	GlobalSection(SolutionProperties) = preSolution
		HideSolutionNode = FALSE
	EndGlobalSection
	GlobalSection(ExtensibilityGlobals) = postSolution
		SolutionGuid = {B9578567-C72B-469C-9F42-AE21765FC9E0}
	EndGlobalSection
EndGlobal
