
Microsoft Visual Studio Solution File, Format Version 12.00
# Visual Studio 15
VisualStudioVersion = 15.0.27130.2020
MinimumVisualStudioVersion = 10.0.40219.1
Project("{FAE04EC0-301F-11D3-BF4B-00C04F79EFBC}") = "SeleniumExtensions.Tests", "SeleniumExtensions.Tests\SeleniumExtensions.Tests.csproj", "{38952DF1-3EAD-405B-BE67-CAFBC2A82EB4}"
EndProject
Project("{FAE04EC0-301F-11D3-BF4B-00C04F79EFBC}") = "SeleniumExtensions", "SeleniumExtensions\SeleniumExtensions.csproj", "{C62E1B5D-8C9D-4B15-8FA3-C3502ABDCD55}"
EndProject
Global
	GlobalSection(SolutionConfigurationPlatforms) = preSolution
		Debug|Any CPU = Debug|Any CPU
		Release|Any CPU = Release|Any CPU
	EndGlobalSection
	GlobalSection(ProjectConfigurationPlatforms) = postSolution
		{38952DF1-3EAD-405B-BE67-CAFBC2A82EB4}.Debug|Any CPU.ActiveCfg = Debug|Any CPU
		{38952DF1-3EAD-405B-BE67-CAFBC2A82EB4}.Debug|Any CPU.Build.0 = Debug|Any CPU
		{38952DF1-3EAD-405B-BE67-CAFBC2A82EB4}.Release|Any CPU.ActiveCfg = Release|Any CPU
		{38952DF1-3EAD-405B-BE67-CAFBC2A82EB4}.Release|Any CPU.Build.0 = Release|Any CPU
		{C62E1B5D-8C9D-4B15-8FA3-C3502ABDCD55}.Debug|Any CPU.ActiveCfg = Debug|Any CPU
		{C62E1B5D-8C9D-4B15-8FA3-C3502ABDCD55}.Debug|Any CPU.Build.0 = Debug|Any CPU
		{C62E1B5D-8C9D-4B15-8FA3-C3502ABDCD55}.Release|Any CPU.ActiveCfg = Release|Any CPU
		{C62E1B5D-8C9D-4B15-8FA3-C3502ABDCD55}.Release|Any CPU.Build.0 = Release|Any CPU
	EndGlobalSection
	GlobalSection(SolutionProperties) = preSolution
		HideSolutionNode = FALSE
	EndGlobalSection
	GlobalSection(ExtensibilityGlobals) = postSolution
		SolutionGuid = {B9578567-C72B-469C-9F42-AE21765FC9E0}
	EndGlobalSection
EndGlobal
